
Microsoft Visual Studio Solution File, Format Version 12.00
# Visual Studio 2013
VisualStudioVersion = 12.0.31101.0
MinimumVisualStudioVersion = 10.0.40219.1
Project("{FAE04EC0-301F-11D3-BF4B-00C04F79EFBC}") = "Site", "Site\Site.csproj", "{5CA49E7E-FBC8-4B75-AFA2-CDC0E6785673}"
EndProject
Project("{FAE04EC0-301F-11D3-BF4B-00C04F79EFBC}") = "DAL", "DAL\DAL.csproj", "{3B7331CC-2E8B-4C2A-9FBD-4FCCFEE620A0}"
EndProject
Global
	GlobalSection(SolutionConfigurationPlatforms) = preSolution
		Debug|Any CPU = Debug|Any CPU
		Release|Any CPU = Release|Any CPU
	EndGlobalSection
	GlobalSection(ProjectConfigurationPlatforms) = postSolution
		{5CA49E7E-FBC8-4B75-AFA2-CDC0E6785673}.Debug|Any CPU.ActiveCfg = Debug|Any CPU
		{5CA49E7E-FBC8-4B75-AFA2-CDC0E6785673}.Debug|Any CPU.Build.0 = Debug|Any CPU
		{5CA49E7E-FBC8-4B75-AFA2-CDC0E6785673}.Release|Any CPU.ActiveCfg = Release|Any CPU
		{5CA49E7E-FBC8-4B75-AFA2-CDC0E6785673}.Release|Any CPU.Build.0 = Release|Any CPU
		{3B7331CC-2E8B-4C2A-9FBD-4FCCFEE620A0}.Debug|Any CPU.ActiveCfg = Debug|Any CPU
		{3B7331CC-2E8B-4C2A-9FBD-4FCCFEE620A0}.Debug|Any CPU.Build.0 = Debug|Any CPU
		{3B7331CC-2E8B-4C2A-9FBD-4FCCFEE620A0}.Release|Any CPU.ActiveCfg = Release|Any CPU
		{3B7331CC-2E8B-4C2A-9FBD-4FCCFEE620A0}.Release|Any CPU.Build.0 = Release|Any CPU
	EndGlobalSection
	GlobalSection(SolutionProperties) = preSolution
		HideSolutionNode = FALSE
	EndGlobalSection
EndGlobal
